
Microsoft Visual Studio Solution File, Format Version 12.00
# Visual Studio Version 16
VisualStudioVersion = 16.0.31729.503
MinimumVisualStudioVersion = 10.0.40219.1
Project("{FAE04EC0-301F-11D3-BF4B-00C04F79EFBC}") = "VisualStudioToolboxEFCPart1", "VisualStudioToolboxEFCPart1\VisualStudioToolboxEFCPart1.csproj", "{76BC1206-4B0D-4C5B-AADF-D252B3229A60}"
EndProject
Global
	GlobalSection(SolutionConfigurationPlatforms) = preSolution
		Debug|Any CPU = Debug|Any CPU
		Release|Any CPU = Release|Any CPU
	EndGlobalSection
	GlobalSection(ProjectConfigurationPlatforms) = postSolution
		{76BC1206-4B0D-4C5B-AADF-D252B3229A60}.Debug|Any CPU.ActiveCfg = Debug|Any CPU
		{76BC1206-4B0D-4C5B-AADF-D252B3229A60}.Debug|Any CPU.Build.0 = Debug|Any CPU
		{76BC1206-4B0D-4C5B-AADF-D252B3229A60}.Release|Any CPU.ActiveCfg = Release|Any CPU
		{76BC1206-4B0D-4C5B-AADF-D252B3229A60}.Release|Any CPU.Build.0 = Release|Any CPU
	EndGlobalSection
	GlobalSection(SolutionProperties) = preSolution
		HideSolutionNode = FALSE
	EndGlobalSection
	GlobalSection(ExtensibilityGlobals) = postSolution
		SolutionGuid = {C0E2D546-013A-43FD-93B2-6AF433DACE6A}
	EndGlobalSection
EndGlobal
